
Microsoft Visual Studio Solution File, Format Version 12.00
# Visual Studio Version 16
VisualStudioVersion = 16.0.29911.84
MinimumVisualStudioVersion = 10.0.40219.1
Project("{9A19103F-16F7-4668-BE54-9A1E7A4F7556}") = "TalkToApi", "TalkToApi\TalkToApi.csproj", "{EAD10BC1-73EE-4259-BA53-5FEF506E463F}"
EndProject
Project("{FAE04EC0-301F-11D3-BF4B-00C04F79EFBC}") = "TalkToWeb", "TalkToWeb\TalkToWeb.csproj", "{0EC1D353-8115-41F6-855B-98A944691769}"
EndProject
Global
	GlobalSection(SolutionConfigurationPlatforms) = preSolution
		Debug|Any CPU = Debug|Any CPU
		Release|Any CPU = Release|Any CPU
	EndGlobalSection
	GlobalSection(ProjectConfigurationPlatforms) = postSolution
		{EAD10BC1-73EE-4259-BA53-5FEF506E463F}.Debug|Any CPU.ActiveCfg = Debug|Any CPU
		{EAD10BC1-73EE-4259-BA53-5FEF506E463F}.Debug|Any CPU.Build.0 = Debug|Any CPU
		{EAD10BC1-73EE-4259-BA53-5FEF506E463F}.Release|Any CPU.ActiveCfg = Release|Any CPU
		{EAD10BC1-73EE-4259-BA53-5FEF506E463F}.Release|Any CPU.Build.0 = Release|Any CPU
		{0EC1D353-8115-41F6-855B-98A944691769}.Debug|Any CPU.ActiveCfg = Debug|Any CPU
		{0EC1D353-8115-41F6-855B-98A944691769}.Debug|Any CPU.Build.0 = Debug|Any CPU
		{0EC1D353-8115-41F6-855B-98A944691769}.Release|Any CPU.ActiveCfg = Release|Any CPU
		{0EC1D353-8115-41F6-855B-98A944691769}.Release|Any CPU.Build.0 = Release|Any CPU
	EndGlobalSection
	GlobalSection(SolutionProperties) = preSolution
		HideSolutionNode = FALSE
	EndGlobalSection
	GlobalSection(ExtensibilityGlobals) = postSolution
		SolutionGuid = {A77712AC-A2F2-4FCD-A29E-F675221E23F2}
	EndGlobalSection
EndGlobal
